
Microsoft Visual Studio Solution File, Format Version 12.00
# Visual Studio 15
VisualStudioVersion = 15.0.27703.2026
MinimumVisualStudioVersion = 10.0.40219.1
Project("{8BC9CEB8-8B4A-11D0-8D11-00A0C91BC942}") = "sznet", "sznet.vcxproj", "{75E59ED3-61A5-4B8B-AD90-D43D19ABDE2B}"
EndProject
Project("{8BC9CEB8-8B4A-11D0-8D11-00A0C91BC942}") = "memorypool_test", "memorypool_test\memorypool_test.vcxproj", "{73941A82-3969-412A-84C4-F07E0F4B00A7}"
	ProjectSection(ProjectDependencies) = postProject
		{75E59ED3-61A5-4B8B-AD90-D43D19ABDE2B} = {75E59ED3-61A5-4B8B-AD90-D43D19ABDE2B}
	EndProjectSection
EndProject
Project("{2150E333-8FDC-42A3-9474-1A3956D46DE8}") = "test", "test", "{A8D66CC7-1CE9-4D87-8A33-5A196A568C86}"
EndProject
Project("{8BC9CEB8-8B4A-11D0-8D11-00A0C91BC942}") = "memorypool_cpp_test", "memorypool_cpp_test\memorypool_cpp_test.vcxproj", "{4946CB5D-447E-4434-AE62-47F807868855}"
	ProjectSection(ProjectDependencies) = postProject
		{75E59ED3-61A5-4B8B-AD90-D43D19ABDE2B} = {75E59ED3-61A5-4B8B-AD90-D43D19ABDE2B}
	EndProjectSection
EndProject
Project("{2150E333-8FDC-42A3-9474-1A3956D46DE8}") = "memory", "memory", "{924825A9-FDE6-4023-A68B-08300D7A3B64}"
EndProject
Project("{2150E333-8FDC-42A3-9474-1A3956D46DE8}") = "thread", "thread", "{CAF2E2CF-7C43-482D-8E33-8A8AF49C785E}"
EndProject
Project("{8BC9CEB8-8B4A-11D0-8D11-00A0C91BC942}") = "thread_test", "thread_test\thread_test.vcxproj", "{18382A7E-2E5B-4222-9900-621470064360}"
	ProjectSection(ProjectDependencies) = postProject
		{75E59ED3-61A5-4B8B-AD90-D43D19ABDE2B} = {75E59ED3-61A5-4B8B-AD90-D43D19ABDE2B}
	EndProjectSection
EndProject
Project("{8BC9CEB8-8B4A-11D0-8D11-00A0C91BC942}") = "threadpool_test", "threadpool_test\threadpool_test.vcxproj", "{0BC1282F-F090-4850-B1E3-D38A81D49259}"
	ProjectSection(ProjectDependencies) = postProject
		{75E59ED3-61A5-4B8B-AD90-D43D19ABDE2B} = {75E59ED3-61A5-4B8B-AD90-D43D19ABDE2B}
	EndProjectSection
EndProject
Project("{2150E333-8FDC-42A3-9474-1A3956D46DE8}") = "log", "log", "{0F8C5095-32EF-4439-BEB0-EE818142A125}"
EndProject
Project("{2150E333-8FDC-42A3-9474-1A3956D46DE8}") = "ds", "ds", "{08723D31-4E57-4576-9A30-C7D3B1016676}"
EndProject
Project("{8BC9CEB8-8B4A-11D0-8D11-00A0C91BC942}") = "asyncLogging_test", "asyncLogging_test\asyncLogging_test.vcxproj", "{E948D499-5AFE-4EA2-915A-A4B8A3942EEA}"
	ProjectSection(ProjectDependencies) = postProject
		{75E59ED3-61A5-4B8B-AD90-D43D19ABDE2B} = {75E59ED3-61A5-4B8B-AD90-D43D19ABDE2B}
	EndProjectSection
EndProject
Project("{8BC9CEB8-8B4A-11D0-8D11-00A0C91BC942}") = "minheap_test", "minheap_test\minheap_test.vcxproj", "{14267A05-79F4-4A95-BBAE-2DD217DD5A12}"
	ProjectSection(ProjectDependencies) = postProject
		{75E59ED3-61A5-4B8B-AD90-D43D19ABDE2B} = {75E59ED3-61A5-4B8B-AD90-D43D19ABDE2B}
	EndProjectSection
EndProject
Project("{2150E333-8FDC-42A3-9474-1A3956D46DE8}") = "timer", "timer", "{C6014E22-9F71-416D-9065-29BFD0281EB0}"
EndProject
Project("{8BC9CEB8-8B4A-11D0-8D11-00A0C91BC942}") = "timerqueue_unittest", "timerqueue_unittest\timerqueue_unittest.vcxproj", "{3D9C12F4-3B9D-47C0-8BDA-97FF2A1253BD}"
	ProjectSection(ProjectDependencies) = postProject
		{75E59ED3-61A5-4B8B-AD90-D43D19ABDE2B} = {75E59ED3-61A5-4B8B-AD90-D43D19ABDE2B}
	EndProjectSection
EndProject
Global
	GlobalSection(SolutionConfigurationPlatforms) = preSolution
		Debug|x64 = Debug|x64
		Debug|x86 = Debug|x86
		Release|x64 = Release|x64
		Release|x86 = Release|x86
	EndGlobalSection
	GlobalSection(ProjectConfigurationPlatforms) = postSolution
		{75E59ED3-61A5-4B8B-AD90-D43D19ABDE2B}.Debug|x64.ActiveCfg = Debug|x64
		{75E59ED3-61A5-4B8B-AD90-D43D19ABDE2B}.Debug|x64.Build.0 = Debug|x64
		{75E59ED3-61A5-4B8B-AD90-D43D19ABDE2B}.Debug|x86.ActiveCfg = Debug|Win32
		{75E59ED3-61A5-4B8B-AD90-D43D19ABDE2B}.Debug|x86.Build.0 = Debug|Win32
		{75E59ED3-61A5-4B8B-AD90-D43D19ABDE2B}.Release|x64.ActiveCfg = Release|x64
		{75E59ED3-61A5-4B8B-AD90-D43D19ABDE2B}.Release|x64.Build.0 = Release|x64
		{75E59ED3-61A5-4B8B-AD90-D43D19ABDE2B}.Release|x86.ActiveCfg = Release|Win32
		{75E59ED3-61A5-4B8B-AD90-D43D19ABDE2B}.Release|x86.Build.0 = Release|Win32
		{73941A82-3969-412A-84C4-F07E0F4B00A7}.Debug|x64.ActiveCfg = Debug|x64
		{73941A82-3969-412A-84C4-F07E0F4B00A7}.Debug|x64.Build.0 = Debug|x64
		{73941A82-3969-412A-84C4-F07E0F4B00A7}.Debug|x86.ActiveCfg = Debug|Win32
		{73941A82-3969-412A-84C4-F07E0F4B00A7}.Debug|x86.Build.0 = Debug|Win32
		{73941A82-3969-412A-84C4-F07E0F4B00A7}.Release|x64.ActiveCfg = Release|x64
		{73941A82-3969-412A-84C4-F07E0F4B00A7}.Release|x64.Build.0 = Release|x64
		{73941A82-3969-412A-84C4-F07E0F4B00A7}.Release|x86.ActiveCfg = Release|Win32
		{73941A82-3969-412A-84C4-F07E0F4B00A7}.Release|x86.Build.0 = Release|Win32
		{4946CB5D-447E-4434-AE62-47F807868855}.Debug|x64.ActiveCfg = Debug|x64
		{4946CB5D-447E-4434-AE62-47F807868855}.Debug|x64.Build.0 = Debug|x64
		{4946CB5D-447E-4434-AE62-47F807868855}.Debug|x86.ActiveCfg = Debug|Win32
		{4946CB5D-447E-4434-AE62-47F807868855}.Debug|x86.Build.0 = Debug|Win32
		{4946CB5D-447E-4434-AE62-47F807868855}.Release|x64.ActiveCfg = Release|x64
		{4946CB5D-447E-4434-AE62-47F807868855}.Release|x64.Build.0 = Release|x64
		{4946CB5D-447E-4434-AE62-47F807868855}.Release|x86.ActiveCfg = Release|Win32
		{4946CB5D-447E-4434-AE62-47F807868855}.Release|x86.Build.0 = Release|Win32
		{18382A7E-2E5B-4222-9900-621470064360}.Debug|x64.ActiveCfg = Debug|x64
		{18382A7E-2E5B-4222-9900-621470064360}.Debug|x64.Build.0 = Debug|x64
		{18382A7E-2E5B-4222-9900-621470064360}.Debug|x86.ActiveCfg = Debug|Win32
		{18382A7E-2E5B-4222-9900-621470064360}.Debug|x86.Build.0 = Debug|Win32
		{18382A7E-2E5B-4222-9900-621470064360}.Release|x64.ActiveCfg = Release|x64
		{18382A7E-2E5B-4222-9900-621470064360}.Release|x64.Build.0 = Release|x64
		{18382A7E-2E5B-4222-9900-621470064360}.Release|x86.ActiveCfg = Release|Win32
		{18382A7E-2E5B-4222-9900-621470064360}.Release|x86.Build.0 = Release|Win32
		{0BC1282F-F090-4850-B1E3-D38A81D49259}.Debug|x64.ActiveCfg = Debug|x64
		{0BC1282F-F090-4850-B1E3-D38A81D49259}.Debug|x64.Build.0 = Debug|x64
		{0BC1282F-F090-4850-B1E3-D38A81D49259}.Debug|x86.ActiveCfg = Debug|Win32
		{0BC1282F-F090-4850-B1E3-D38A81D49259}.Debug|x86.Build.0 = Debug|Win32
		{0BC1282F-F090-4850-B1E3-D38A81D49259}.Release|x64.ActiveCfg = Release|x64
		{0BC1282F-F090-4850-B1E3-D38A81D49259}.Release|x64.Build.0 = Release|x64
		{0BC1282F-F090-4850-B1E3-D38A81D49259}.Release|x86.ActiveCfg = Release|Win32
		{0BC1282F-F090-4850-B1E3-D38A81D49259}.Release|x86.Build.0 = Release|Win32
		{E948D499-5AFE-4EA2-915A-A4B8A3942EEA}.Debug|x64.ActiveCfg = Debug|x64
		{E948D499-5AFE-4EA2-915A-A4B8A3942EEA}.Debug|x64.Build.0 = Debug|x64
		{E948D499-5AFE-4EA2-915A-A4B8A3942EEA}.Debug|x86.ActiveCfg = Debug|Win32
		{E948D499-5AFE-4EA2-915A-A4B8A3942EEA}.Debug|x86.Build.0 = Debug|Win32
		{E948D499-5AFE-4EA2-915A-A4B8A3942EEA}.Release|x64.ActiveCfg = Release|x64
		{E948D499-5AFE-4EA2-915A-A4B8A3942EEA}.Release|x64.Build.0 = Release|x64
		{E948D499-5AFE-4EA2-915A-A4B8A3942EEA}.Release|x86.ActiveCfg = Release|Win32
		{E948D499-5AFE-4EA2-915A-A4B8A3942EEA}.Release|x86.Build.0 = Release|Win32
		{14267A05-79F4-4A95-BBAE-2DD217DD5A12}.Debug|x64.ActiveCfg = Debug|x64
		{14267A05-79F4-4A95-BBAE-2DD217DD5A12}.Debug|x64.Build.0 = Debug|x64
		{14267A05-79F4-4A95-BBAE-2DD217DD5A12}.Debug|x86.ActiveCfg = Debug|Win32
		{14267A05-79F4-4A95-BBAE-2DD217DD5A12}.Debug|x86.Build.0 = Debug|Win32
		{14267A05-79F4-4A95-BBAE-2DD217DD5A12}.Release|x64.ActiveCfg = Release|x64
		{14267A05-79F4-4A95-BBAE-2DD217DD5A12}.Release|x64.Build.0 = Release|x64
		{14267A05-79F4-4A95-BBAE-2DD217DD5A12}.Release|x86.ActiveCfg = Release|Win32
		{14267A05-79F4-4A95-BBAE-2DD217DD5A12}.Release|x86.Build.0 = Release|Win32
		{3D9C12F4-3B9D-47C0-8BDA-97FF2A1253BD}.Debug|x64.ActiveCfg = Debug|x64
		{3D9C12F4-3B9D-47C0-8BDA-97FF2A1253BD}.Debug|x64.Build.0 = Debug|x64
		{3D9C12F4-3B9D-47C0-8BDA-97FF2A1253BD}.Debug|x86.ActiveCfg = Debug|Win32
		{3D9C12F4-3B9D-47C0-8BDA-97FF2A1253BD}.Debug|x86.Build.0 = Debug|Win32
		{3D9C12F4-3B9D-47C0-8BDA-97FF2A1253BD}.Release|x64.ActiveCfg = Release|x64
		{3D9C12F4-3B9D-47C0-8BDA-97FF2A1253BD}.Release|x64.Build.0 = Release|x64
		{3D9C12F4-3B9D-47C0-8BDA-97FF2A1253BD}.Release|x86.ActiveCfg = Release|Win32
		{3D9C12F4-3B9D-47C0-8BDA-97FF2A1253BD}.Release|x86.Build.0 = Release|Win32
	EndGlobalSection
	GlobalSection(SolutionProperties) = preSolution
		HideSolutionNode = FALSE
	EndGlobalSection
	GlobalSection(NestedProjects) = preSolution
		{73941A82-3969-412A-84C4-F07E0F4B00A7} = {924825A9-FDE6-4023-A68B-08300D7A3B64}
		{4946CB5D-447E-4434-AE62-47F807868855} = {924825A9-FDE6-4023-A68B-08300D7A3B64}
		{924825A9-FDE6-4023-A68B-08300D7A3B64} = {A8D66CC7-1CE9-4D87-8A33-5A196A568C86}
		{CAF2E2CF-7C43-482D-8E33-8A8AF49C785E} = {A8D66CC7-1CE9-4D87-8A33-5A196A568C86}
		{18382A7E-2E5B-4222-9900-621470064360} = {CAF2E2CF-7C43-482D-8E33-8A8AF49C785E}
		{0BC1282F-F090-4850-B1E3-D38A81D49259} = {CAF2E2CF-7C43-482D-8E33-8A8AF49C785E}
		{0F8C5095-32EF-4439-BEB0-EE818142A125} = {A8D66CC7-1CE9-4D87-8A33-5A196A568C86}
		{08723D31-4E57-4576-9A30-C7D3B1016676} = {A8D66CC7-1CE9-4D87-8A33-5A196A568C86}
		{E948D499-5AFE-4EA2-915A-A4B8A3942EEA} = {0F8C5095-32EF-4439-BEB0-EE818142A125}
		{14267A05-79F4-4A95-BBAE-2DD217DD5A12} = {08723D31-4E57-4576-9A30-C7D3B1016676}
		{C6014E22-9F71-416D-9065-29BFD0281EB0} = {A8D66CC7-1CE9-4D87-8A33-5A196A568C86}
		{3D9C12F4-3B9D-47C0-8BDA-97FF2A1253BD} = {C6014E22-9F71-416D-9065-29BFD0281EB0}
	EndGlobalSection
	GlobalSection(ExtensibilityGlobals) = postSolution
		SolutionGuid = {43E9656F-351B-4B28-9E99-4F34E389A352}
	EndGlobalSection
EndGlobal
