<?xml version="1.0" encoding="utf-8"?>
<Project ToolsVersion="4.0" xmlns="http://schemas.microsoft.com/developer/msbuild/2003">
  <ItemGroup>
    <Filter Include="sznet">
      <UniqueIdentifier>{f2cd92c2-5c0a-41fb-a39a-12413e22618d}</UniqueIdentifier>
    </Filter>
    <Filter Include="sznet\base">
      <UniqueIdentifier>{97e51afe-4c60-4f0c-b3ab-d17c2ec7d8fc}</UniqueIdentifier>
    </Filter>
    <Filter Include="sznet\memory">
      <UniqueIdentifier>{3799ad73-d4f0-48ad-9865-86dced894cd5}</UniqueIdentifier>
    </Filter>
    <Filter Include="sznet\time">
      <UniqueIdentifier>{945cfe39-98ab-4bd0-af46-a8277dece92e}</UniqueIdentifier>
    </Filter>
    <Filter Include="sznet\thread">
      <UniqueIdentifier>{227ef0ed-fca6-4b39-b291-2b84b7b8295f}</UniqueIdentifier>
    </Filter>
    <Filter Include="sznet\string">
      <UniqueIdentifier>{513ffa13-0ab8-4df5-b029-b576b41001b2}</UniqueIdentifier>
    </Filter>
    <Filter Include="sznet\log">
      <UniqueIdentifier>{50150d69-f23a-4526-8bf4-7189c7f72eec}</UniqueIdentifier>
    </Filter>
    <Filter Include="sznet\process">
      <UniqueIdentifier>{516fbaca-1e6b-4f52-af89-a2658023ba1e}</UniqueIdentifier>
    </Filter>
    <Filter Include="sznet\io">
      <UniqueIdentifier>{8aed1b61-16e2-4236-aca2-fe14fa4a3aef}</UniqueIdentifier>
    </Filter>
    <Filter Include="sznet\ds">
      <UniqueIdentifier>{62e2cc13-482b-4751-ae61-30302070a55e}</UniqueIdentifier>
    </Filter>
    <Filter Include="sznet\net">
      <UniqueIdentifier>{3704e3df-f4ba-4e6d-abf9-8818505acde0}</UniqueIdentifier>
    </Filter>
  </ItemGroup>
  <ItemGroup>
    <ClInclude Include="..\sznet\base\Compiler.h">
      <Filter>sznet\base</Filter>
    </ClInclude>
    <ClInclude Include="..\sznet\base\Copyable.h">
      <Filter>sznet\base</Filter>
    </ClInclude>
    <ClInclude Include="..\sznet\base\Platform.h">
      <Filter>sznet\base</Filter>
    </ClInclude>
    <ClInclude Include="..\sznet\base\Types.h">
      <Filter>sznet\base</Filter>
    </ClInclude>
    <ClInclude Include="..\sznet\base\NonCopyable.h">
      <Filter>sznet\base</Filter>
    </ClInclude>
    <ClInclude Include="..\sznet\NetCmn.h">
      <Filter>sznet</Filter>
    </ClInclude>
    <ClInclude Include="..\sznet\time\Time.h">
      <Filter>sznet\time</Filter>
    </ClInclude>
    <ClInclude Include="..\sznet\time\Timestamp.h">
      <Filter>sznet\time</Filter>
    </ClInclude>
    <ClInclude Include="..\sznet\thread\Thread.h">
      <Filter>sznet\thread</Filter>
    </ClInclude>
    <ClInclude Include="..\sznet\memory\MemoryPool.h">
      <Filter>sznet\memory</Filter>
    </ClInclude>
    <ClInclude Include="..\sznet\string\StringPiece.h">
      <Filter>sznet\string</Filter>
    </ClInclude>
    <ClInclude Include="..\sznet\log\LogStream.h">
      <Filter>sznet\log</Filter>
    </ClInclude>
    <ClInclude Include="..\sznet\thread\Mutex.h">
      <Filter>sznet\thread</Filter>
    </ClInclude>
    <ClInclude Include="..\sznet\thread\CurrentThread.h">
      <Filter>sznet\thread</Filter>
    </ClInclude>
    <ClInclude Include="..\sznet\process\Process.h">
      <Filter>sznet\process</Filter>
    </ClInclude>
    <ClInclude Include="..\sznet\thread\Condition.h">
      <Filter>sznet\thread</Filter>
    </ClInclude>
    <ClInclude Include="..\sznet\thread\CountDownLatch.h">
      <Filter>sznet\thread</Filter>
    </ClInclude>
    <ClInclude Include="..\sznet\thread\ThreadClass.h">
      <Filter>sznet\thread</Filter>
    </ClInclude>
    <ClInclude Include="..\sznet\log\Logging.h">
      <Filter>sznet\log</Filter>
    </ClInclude>
    <ClInclude Include="..\sznet\base\Exception.h">
      <Filter>sznet\base</Filter>
    </ClInclude>
    <ClInclude Include="..\sznet\thread\ThreadPool.h">
      <Filter>sznet\thread</Filter>
    </ClInclude>
    <ClInclude Include="..\sznet\io\FileUtil.h">
      <Filter>sznet\io</Filter>
    </ClInclude>
    <ClInclude Include="..\sznet\io\IO.h">
      <Filter>sznet\io</Filter>
    </ClInclude>
    <ClInclude Include="..\sznet\log\LogFile.h">
      <Filter>sznet\log</Filter>
    </ClInclude>
    <ClInclude Include="..\sznet\ds\BlockingQueue.h">
      <Filter>sznet\ds</Filter>
    </ClInclude>
    <ClInclude Include="..\sznet\ds\BoundedBlockingQueue.h">
      <Filter>sznet\ds</Filter>
    </ClInclude>
    <ClInclude Include="..\sznet\log\AsyncLogging.h">
      <Filter>sznet\log</Filter>
    </ClInclude>
    <ClInclude Include="..\sznet\ds\MinHeap.h">
      <Filter>sznet\ds</Filter>
    </ClInclude>
    <ClInclude Include="..\sznet\time\Timer.h">
      <Filter>sznet\time</Filter>
    </ClInclude>
    <ClInclude Include="..\sznet\time\TimerId.h">
      <Filter>sznet\time</Filter>
    </ClInclude>
    <ClInclude Include="..\sznet\base\Callbacks.h">
      <Filter>sznet\base</Filter>
    </ClInclude>
    <ClInclude Include="..\sznet\net\Channel.h">
      <Filter>sznet\net</Filter>
    </ClInclude>
    <ClInclude Include="..\sznet\net\Poller.h">
      <Filter>sznet\net</Filter>
    </ClInclude>
    <ClInclude Include="..\sznet\net\EventLoop.h">
      <Filter>sznet\net</Filter>
    </ClInclude>
    <ClInclude Include="..\sznet\time\TimerQueue.h">
      <Filter>sznet\time</Filter>
    </ClInclude>
    <ClInclude Include="..\sznet\net\SelectPoller.h">
      <Filter>sznet\net</Filter>
    </ClInclude>
  </ItemGroup>
  <ItemGroup>
    <ClCompile Include="..\sznet\memory\MemoryPool.cpp">
      <Filter>sznet\memory</Filter>
    </ClCompile>
    <ClCompile Include="..\sznet\thread\Thread.cpp">
      <Filter>sznet\thread</Filter>
    </ClCompile>
    <ClCompile Include="..\sznet\time\Timestamp.cpp">
      <Filter>sznet\time</Filter>
    </ClCompile>
    <ClCompile Include="..\sznet\NetCmn.cpp">
      <Filter>sznet</Filter>
    </ClCompile>
    <ClCompile Include="..\sznet\log\LogStream.cpp">
      <Filter>sznet\log</Filter>
    </ClCompile>
    <ClCompile Include="..\sznet\thread\CurrentThread.cpp">
      <Filter>sznet\thread</Filter>
    </ClCompile>
    <ClCompile Include="..\sznet\process\Process.cpp">
      <Filter>sznet\process</Filter>
    </ClCompile>
    <ClCompile Include="..\sznet\thread\CountDownLatch.cpp">
      <Filter>sznet\thread</Filter>
    </ClCompile>
    <ClCompile Include="..\sznet\thread\ThreadClass.cpp">
      <Filter>sznet\thread</Filter>
    </ClCompile>
    <ClCompile Include="..\sznet\log\Logging.cpp">
      <Filter>sznet\log</Filter>
    </ClCompile>
    <ClCompile Include="..\sznet\thread\ThreadPool.cpp">
      <Filter>sznet\thread</Filter>
    </ClCompile>
    <ClCompile Include="..\sznet\io\FileUtil.cpp">
      <Filter>sznet\io</Filter>
    </ClCompile>
    <ClCompile Include="..\sznet\io\IO.cpp">
      <Filter>sznet\io</Filter>
    </ClCompile>
    <ClCompile Include="..\sznet\log\LogFile.cpp">
      <Filter>sznet\log</Filter>
    </ClCompile>
    <ClCompile Include="..\sznet\log\AsyncLogging.cpp">
      <Filter>sznet\log</Filter>
    </ClCompile>
    <ClCompile Include="..\sznet\time\Time.cpp">
      <Filter>sznet\time</Filter>
    </ClCompile>
    <ClCompile Include="..\sznet\time\Timer.cpp">
      <Filter>sznet\time</Filter>
    </ClCompile>
    <ClCompile Include="..\sznet\net\Poller.cpp">
      <Filter>sznet\net</Filter>
    </ClCompile>
    <ClCompile Include="..\sznet\net\Channel.cpp">
      <Filter>sznet\net</Filter>
    </ClCompile>
    <ClCompile Include="..\sznet\net\EventLoop.cpp">
      <Filter>sznet\net</Filter>
    </ClCompile>
    <ClCompile Include="..\sznet\time\TimerQueue.cpp">
      <Filter>sznet\time</Filter>
    </ClCompile>
    <ClCompile Include="..\sznet\net\SelectPoller.cpp">
      <Filter>sznet\net</Filter>
    </ClCompile>
    <ClCompile Include="..\sznet\net\DefaultPoller.cpp">
      <Filter>sznet\net</Filter>
    </ClCompile>
  </ItemGroup>
</Project>